
Microsoft Visual Studio Solution File, Format Version 12.00
# Visual Studio 2015
Project("{FAE04EC0-301F-11D3-BF4B-00C04F79EFBC}") = "GGJ Project.Plugins", "GGJ Project.Plugins.csproj", "{A0CE5788-E14D-25CF-2D96-1562E3AB0304}"
EndProject
Project("{FAE04EC0-301F-11D3-BF4B-00C04F79EFBC}") = "GGJ Project", "GGJ Project.csproj", "{E825FA93-CD07-6FCF-197D-315536649D4B}"
EndProject
Project("{FAE04EC0-301F-11D3-BF4B-00C04F79EFBC}") = "GGJ Project.Editor.Plugins", "GGJ Project.Editor.Plugins.csproj", "{B0A09033-8AED-D93E-8C30-16EAD3E0A840}"
EndProject
Global
	GlobalSection(SolutionConfigurationPlatforms) = preSolution
		Debug|Any CPU = Debug|Any CPU
		Release|Any CPU = Release|Any CPU
	EndGlobalSection
	GlobalSection(ProjectConfigurationPlatforms) = postSolution
		{A0CE5788-E14D-25CF-2D96-1562E3AB0304}.Debug|Any CPU.ActiveCfg = Debug|Any CPU
		{A0CE5788-E14D-25CF-2D96-1562E3AB0304}.Debug|Any CPU.Build.0 = Debug|Any CPU
		{A0CE5788-E14D-25CF-2D96-1562E3AB0304}.Release|Any CPU.ActiveCfg = Release|Any CPU
		{A0CE5788-E14D-25CF-2D96-1562E3AB0304}.Release|Any CPU.Build.0 = Release|Any CPU
		{E825FA93-CD07-6FCF-197D-315536649D4B}.Debug|Any CPU.ActiveCfg = Debug|Any CPU
		{E825FA93-CD07-6FCF-197D-315536649D4B}.Debug|Any CPU.Build.0 = Debug|Any CPU
		{E825FA93-CD07-6FCF-197D-315536649D4B}.Release|Any CPU.ActiveCfg = Release|Any CPU
		{E825FA93-CD07-6FCF-197D-315536649D4B}.Release|Any CPU.Build.0 = Release|Any CPU
		{B0A09033-8AED-D93E-8C30-16EAD3E0A840}.Debug|Any CPU.ActiveCfg = Debug|Any CPU
		{B0A09033-8AED-D93E-8C30-16EAD3E0A840}.Debug|Any CPU.Build.0 = Debug|Any CPU
		{B0A09033-8AED-D93E-8C30-16EAD3E0A840}.Release|Any CPU.ActiveCfg = Release|Any CPU
		{B0A09033-8AED-D93E-8C30-16EAD3E0A840}.Release|Any CPU.Build.0 = Release|Any CPU
	EndGlobalSection
	GlobalSection(SolutionProperties) = preSolution
		HideSolutionNode = FALSE
	EndGlobalSection
EndGlobal
